
Microsoft Visual Studio Solution File, Format Version 12.00
# Visual Studio 15
VisualStudioVersion = 15.0.28010.2036
MinimumVisualStudioVersion = 10.0.40219.1
Project("{9A19103F-16F7-4668-BE54-9A1E7A4F7556}") = "Ultz.XNFC", "src\Ultz.XNFC\Ultz.XNFC.csproj", "{EE837790-1573-4C68-A5C5-25BC65DFAD26}"
EndProject
Project("{FAE04EC0-301F-11D3-BF4B-00C04F79EFBC}") = "Ultz.XNFC.Android", "src\Ultz.XNFC.Android\Ultz.XNFC.Android.csproj", "{53C50C86-1136-464A-9BEF-4249A8416913}"
EndProject
Project("{FAE04EC0-301F-11D3-BF4B-00C04F79EFBC}") = "Ultz.XNFC.iOS", "src\Ultz.XNFC.iOS\Ultz.XNFC.iOS.csproj", "{E71F3053-056C-4381-9638-048ED73BDFF6}"
EndProject
Project("{FAE04EC0-301F-11D3-BF4B-00C04F79EFBC}") = "XnfcTest.Android", "src\XnfcTest\XnfcTest.Android\XnfcTest.Android.csproj", "{8ABC4570-2B9E-43CD-AC90-C7FCA76783AD}"
EndProject
Project("{FAE04EC0-301F-11D3-BF4B-00C04F79EFBC}") = "XnfcTest", "src\XnfcTest\XnfcTest\XnfcTest.csproj", "{D7472738-DA59-44DC-BC8C-5BD10E290ABB}"
EndProject
Global
	GlobalSection(SolutionConfigurationPlatforms) = preSolution
		Debug|Any CPU = Debug|Any CPU
		Release|Any CPU = Release|Any CPU
	EndGlobalSection
	GlobalSection(ProjectConfigurationPlatforms) = postSolution
		{EE837790-1573-4C68-A5C5-25BC65DFAD26}.Debug|Any CPU.ActiveCfg = Debug|Any CPU
		{EE837790-1573-4C68-A5C5-25BC65DFAD26}.Debug|Any CPU.Build.0 = Debug|Any CPU
		{EE837790-1573-4C68-A5C5-25BC65DFAD26}.Release|Any CPU.ActiveCfg = Release|Any CPU
		{EE837790-1573-4C68-A5C5-25BC65DFAD26}.Release|Any CPU.Build.0 = Release|Any CPU
		{53C50C86-1136-464A-9BEF-4249A8416913}.Debug|Any CPU.ActiveCfg = Debug|Any CPU
		{53C50C86-1136-464A-9BEF-4249A8416913}.Debug|Any CPU.Build.0 = Debug|Any CPU
		{53C50C86-1136-464A-9BEF-4249A8416913}.Release|Any CPU.ActiveCfg = Release|Any CPU
		{53C50C86-1136-464A-9BEF-4249A8416913}.Release|Any CPU.Build.0 = Release|Any CPU
		{E71F3053-056C-4381-9638-048ED73BDFF6}.Debug|Any CPU.ActiveCfg = Debug|Any CPU
		{E71F3053-056C-4381-9638-048ED73BDFF6}.Debug|Any CPU.Build.0 = Debug|Any CPU
		{E71F3053-056C-4381-9638-048ED73BDFF6}.Release|Any CPU.ActiveCfg = Release|Any CPU
		{E71F3053-056C-4381-9638-048ED73BDFF6}.Release|Any CPU.Build.0 = Release|Any CPU
		{8ABC4570-2B9E-43CD-AC90-C7FCA76783AD}.Debug|Any CPU.ActiveCfg = Debug|Any CPU
		{8ABC4570-2B9E-43CD-AC90-C7FCA76783AD}.Debug|Any CPU.Build.0 = Debug|Any CPU
		{8ABC4570-2B9E-43CD-AC90-C7FCA76783AD}.Debug|Any CPU.Deploy.0 = Debug|Any CPU
		{8ABC4570-2B9E-43CD-AC90-C7FCA76783AD}.Release|Any CPU.ActiveCfg = Release|Any CPU
		{8ABC4570-2B9E-43CD-AC90-C7FCA76783AD}.Release|Any CPU.Build.0 = Release|Any CPU
		{8ABC4570-2B9E-43CD-AC90-C7FCA76783AD}.Release|Any CPU.Deploy.0 = Release|Any CPU
		{D7472738-DA59-44DC-BC8C-5BD10E290ABB}.Debug|Any CPU.ActiveCfg = Debug|Any CPU
		{D7472738-DA59-44DC-BC8C-5BD10E290ABB}.Debug|Any CPU.Build.0 = Debug|Any CPU
		{D7472738-DA59-44DC-BC8C-5BD10E290ABB}.Release|Any CPU.ActiveCfg = Release|Any CPU
		{D7472738-DA59-44DC-BC8C-5BD10E290ABB}.Release|Any CPU.Build.0 = Release|Any CPU
	EndGlobalSection
	GlobalSection(SolutionProperties) = preSolution
		HideSolutionNode = FALSE
	EndGlobalSection
	GlobalSection(ExtensibilityGlobals) = postSolution
		SolutionGuid = {97A64841-C8C8-40C2-A919-B8DC9779DA45}
	EndGlobalSection
EndGlobal
